
Microsoft Visual Studio Solution File, Format Version 12.00
# Visual Studio 15
VisualStudioVersion = 15.0.27004.2006
MinimumVisualStudioVersion = 10.0.40219.1
Project("{FAE04EC0-301F-11D3-BF4B-00C04F79EFBC}") = "BitcoinLib", "BitcoinLib\BitcoinLib.csproj", "{B853E315-7103-4CBA-8873-D5202019F267}"
EndProject
Project("{FAE04EC0-301F-11D3-BF4B-00C04F79EFBC}") = "DemoClient", "..\demo\DemoClient.csproj", "{56F54485-7B42-4E41-95D3-1998EA614695}"
EndProject
Project("{9A19103F-16F7-4668-BE54-9A1E7A4F7556}") = "BitcoinLibNetCore", "BitcoinLibNetCore\BitcoinLibNetCore.csproj", "{11F62551-A38A-470F-9774-78FD177A1BEC}"
EndProject
Project("{9A19103F-16F7-4668-BE54-9A1E7A4F7556}") = "DemoClientNetCore", "DemoClientNetCore\DemoClientNetCore.csproj", "{637345D7-5FE6-421C-B360-0CD5DBB43633}"
EndProject
Project("{2150E333-8FDC-42A3-9474-1A3956D46DE8}") = "Solution Items", "Solution Items", "{12148393-BEF2-4FB1-A273-8D83A5E49D69}"
	ProjectSection(SolutionItems) = preProject
		.travis.yml = .travis.yml
	EndProjectSection
EndProject
Global
	GlobalSection(SolutionConfigurationPlatforms) = preSolution
		Debug|Any CPU = Debug|Any CPU
		Release|Any CPU = Release|Any CPU
	EndGlobalSection
	GlobalSection(ProjectConfigurationPlatforms) = postSolution
		{B853E315-7103-4CBA-8873-D5202019F267}.Debug|Any CPU.ActiveCfg = Debug|Any CPU
		{B853E315-7103-4CBA-8873-D5202019F267}.Debug|Any CPU.Build.0 = Debug|Any CPU
		{B853E315-7103-4CBA-8873-D5202019F267}.Release|Any CPU.ActiveCfg = Release|Any CPU
		{B853E315-7103-4CBA-8873-D5202019F267}.Release|Any CPU.Build.0 = Release|Any CPU
		{56F54485-7B42-4E41-95D3-1998EA614695}.Debug|Any CPU.ActiveCfg = Debug|Any CPU
		{56F54485-7B42-4E41-95D3-1998EA614695}.Debug|Any CPU.Build.0 = Debug|Any CPU
		{56F54485-7B42-4E41-95D3-1998EA614695}.Release|Any CPU.ActiveCfg = Release|Any CPU
		{56F54485-7B42-4E41-95D3-1998EA614695}.Release|Any CPU.Build.0 = Release|Any CPU
		{11F62551-A38A-470F-9774-78FD177A1BEC}.Debug|Any CPU.ActiveCfg = Debug|Any CPU
		{11F62551-A38A-470F-9774-78FD177A1BEC}.Debug|Any CPU.Build.0 = Debug|Any CPU
		{11F62551-A38A-470F-9774-78FD177A1BEC}.Release|Any CPU.ActiveCfg = Release|Any CPU
		{11F62551-A38A-470F-9774-78FD177A1BEC}.Release|Any CPU.Build.0 = Release|Any CPU
		{637345D7-5FE6-421C-B360-0CD5DBB43633}.Debug|Any CPU.ActiveCfg = Debug|Any CPU
		{637345D7-5FE6-421C-B360-0CD5DBB43633}.Debug|Any CPU.Build.0 = Debug|Any CPU
		{637345D7-5FE6-421C-B360-0CD5DBB43633}.Release|Any CPU.ActiveCfg = Release|Any CPU
		{637345D7-5FE6-421C-B360-0CD5DBB43633}.Release|Any CPU.Build.0 = Release|Any CPU
	EndGlobalSection
	GlobalSection(SolutionProperties) = preSolution
		HideSolutionNode = FALSE
	EndGlobalSection
	GlobalSection(ExtensibilityGlobals) = postSolution
		SolutionGuid = {5E5DC48A-ACEC-4CDA-87E2-4FEAC0F10992}
	EndGlobalSection
EndGlobal
